
Microsoft Visual Studio Solution File, Format Version 12.00
# Visual Studio 15
VisualStudioVersion = 15.0.27004.2002
MinimumVisualStudioVersion = 10.0.40219.1
Project("{FAE04EC0-301F-11D3-BF4B-00C04F79EFBC}") = "Listopad.WebAPI", "Listopad.WebAPI\Listopad.WebAPI.csproj", "{24C89FD7-2CA8-48B2-963F-DAF19C975BD0}"
EndProject
Project("{E24C65DC-7377-472B-9ABA-BC803B73C61A}") = "Listopad.Client", "..\..\WebSites\Listopad.Client\", "{74D19C27-5938-480C-98AF-12EE148BC8E9}"
	ProjectSection(WebsiteProperties) = preProject
		TargetFrameworkMoniker = ".NETFramework,Version%3Dv4.6.1"
		Debug.AspNetCompiler.VirtualPath = "/localhost_62204"
		Debug.AspNetCompiler.PhysicalPath = "..\..\WebSites\Listopad.Client\"
		Debug.AspNetCompiler.TargetPath = "PrecompiledWeb\localhost_62204\"
		Debug.AspNetCompiler.Updateable = "true"
		Debug.AspNetCompiler.ForceOverwrite = "true"
		Debug.AspNetCompiler.FixedNames = "false"
		Debug.AspNetCompiler.Debug = "True"
		Release.AspNetCompiler.VirtualPath = "/localhost_62204"
		Release.AspNetCompiler.PhysicalPath = "..\..\WebSites\Listopad.Client\"
		Release.AspNetCompiler.TargetPath = "PrecompiledWeb\localhost_62204\"
		Release.AspNetCompiler.Updateable = "true"
		Release.AspNetCompiler.ForceOverwrite = "true"
		Release.AspNetCompiler.FixedNames = "false"
		Release.AspNetCompiler.Debug = "False"
		VWDPort = "62204"
		SlnRelativePath = "..\..\WebSites\Listopad.Client\"
		DefaultWebSiteLanguage = "Visual C#"
	EndProjectSection
EndProject
Global
	GlobalSection(SolutionConfigurationPlatforms) = preSolution
		Debug|Any CPU = Debug|Any CPU
		Release|Any CPU = Release|Any CPU
	EndGlobalSection
	GlobalSection(ProjectConfigurationPlatforms) = postSolution
		{24C89FD7-2CA8-48B2-963F-DAF19C975BD0}.Debug|Any CPU.ActiveCfg = Debug|Any CPU
		{24C89FD7-2CA8-48B2-963F-DAF19C975BD0}.Debug|Any CPU.Build.0 = Debug|Any CPU
		{24C89FD7-2CA8-48B2-963F-DAF19C975BD0}.Release|Any CPU.ActiveCfg = Release|Any CPU
		{24C89FD7-2CA8-48B2-963F-DAF19C975BD0}.Release|Any CPU.Build.0 = Release|Any CPU
		{74D19C27-5938-480C-98AF-12EE148BC8E9}.Debug|Any CPU.ActiveCfg = Debug|Any CPU
		{74D19C27-5938-480C-98AF-12EE148BC8E9}.Debug|Any CPU.Build.0 = Debug|Any CPU
		{74D19C27-5938-480C-98AF-12EE148BC8E9}.Release|Any CPU.ActiveCfg = Debug|Any CPU
		{74D19C27-5938-480C-98AF-12EE148BC8E9}.Release|Any CPU.Build.0 = Debug|Any CPU
	EndGlobalSection
	GlobalSection(SolutionProperties) = preSolution
		HideSolutionNode = FALSE
	EndGlobalSection
	GlobalSection(ExtensibilityGlobals) = postSolution
		SolutionGuid = {C624AA17-879F-4553-853D-41C33AE5866F}
	EndGlobalSection
EndGlobal
